// !$*UTF8*$!
{
	archiveVersion = 1;
	classes = {
	};
	objectVersion = 50;
	objects = {

/* Begin PBXBuildFile section */
		EF3FC54E221B93E000C4FEB8 /* Model.xcdatamodeld in Sources */ = {isa = PBXBuildFile; fileRef = EF3FC54C221B93E000C4FEB8 /* Model.xcdatamodeld */; };
		EF4C4E4C22023AC200B607C9 /* AppDelegate.swift in Sources */ = {isa = PBXBuildFile; fileRef = EF4C4E4B22023AC200B607C9 /* AppDelegate.swift */; };
		EF4C4E5122023AC200B607C9 /* Main.storyboard in Resources */ = {isa = PBXBuildFile; fileRef = EF4C4E4F22023AC200B607C9 /* Main.storyboard */; };
		EF4C4E5322023AC400B607C9 /* Assets.xcassets in Resources */ = {isa = PBXBuildFile; fileRef = EF4C4E5222023AC400B607C9 /* Assets.xcassets */; };
		EF4C4E5622023AC400B607C9 /* LaunchScreen.storyboard in Resources */ = {isa = PBXBuildFile; fileRef = EF4C4E5422023AC400B607C9 /* LaunchScreen.storyboard */; };
		EF4C4E6122023AC400B607C9 /* DocumentsTests.swift in Sources */ = {isa = PBXBuildFile; fileRef = EF4C4E6022023AC400B607C9 /* DocumentsTests.swift */; };
		EF4C4E6C22023AC400B607C9 /* DocumentsUITests.swift in Sources */ = {isa = PBXBuildFile; fileRef = EF4C4E6B22023AC400B607C9 /* DocumentsUITests.swift */; };
		EF4C4E882203710E00B607C9 /* DocumentsViewController.swift in Sources */ = {isa = PBXBuildFile; fileRef = EF4C4E872203710E00B607C9 /* DocumentsViewController.swift */; };
		EF4C4E8A220377C600B607C9 /* DocumentsTableViewCell.swift in Sources */ = {isa = PBXBuildFile; fileRef = EF4C4E89220377C600B607C9 /* DocumentsTableViewCell.swift */; };
		EF4C4E8D220378FE00B607C9 /* EditorViewController.swift in Sources */ = {isa = PBXBuildFile; fileRef = EF4C4E8C220378FE00B607C9 /* EditorViewController.swift */; };
		EF4C4E8F2203891A00B607C9 /* document.swift in Sources */ = {isa = PBXBuildFile; fileRef = EF4C4E8E2203891A00B607C9 /* document.swift */; };
		EF6E7A6B221BDCD7003E63AD /* Doc+CoreDataClass.swift in Sources */ = {isa = PBXBuildFile; fileRef = EF6E7A69221BDCD7003E63AD /* Doc+CoreDataClass.swift */; };
		EF6E7A6C221BDCD7003E63AD /* Doc+CoreDataProperties.swift in Sources */ = {isa = PBXBuildFile; fileRef = EF6E7A6A221BDCD7003E63AD /* Doc+CoreDataProperties.swift */; };
/* End PBXBuildFile section */

/* Begin PBXContainerItemProxy section */
		EF4C4E5D22023AC400B607C9 /* PBXContainerItemProxy */ = {
			isa = PBXContainerItemProxy;
			containerPortal = EF4C4E4022023AC200B607C9 /* Project object */;
			proxyType = 1;
			remoteGlobalIDString = EF4C4E4722023AC200B607C9;
			remoteInfo = Documents;
		};
		EF4C4E6822023AC400B607C9 /* PBXContainerItemProxy */ = {
			isa = PBXContainerItemProxy;
			containerPortal = EF4C4E4022023AC200B607C9 /* Project object */;
			proxyType = 1;
			remoteGlobalIDString = EF4C4E4722023AC200B607C9;
			remoteInfo = Documents;
		};
/* End PBXContainerItemProxy section */

/* Begin PBXFileReference section */
		EF3FC54D221B93E000C4FEB8 /* Model.xcdatamodel */ = {isa = PBXFileReference; lastKnownFileType = wrapper.xcdatamodel; path = Model.xcdatamodel; sourceTree = "<group>"; };
		EF4C4E4822023AC200B607C9 /* Documents.app */ = {isa = PBXFileReference; explicitFileType = wrapper.application; includeInIndex = 0; path = Documents.app; sourceTree = BUILT_PRODUCTS_DIR; };
		EF4C4E4B22023AC200B607C9 /* AppDelegate.swift */ = {isa = PBXFileReference; lastKnownFileType = sourcecode.swift; path = AppDelegate.swift; sourceTree = "<group>"; };
		EF4C4E5022023AC200B607C9 /* Base */ = {isa = PBXFileReference; lastKnownFileType = file.storyboard; name = Base; path = Base.lproj/Main.storyboard; sourceTree = "<group>"; };
		EF4C4E5222023AC400B607C9 /* Assets.xcassets */ = {isa = PBXFileReference; lastKnownFileType = folder.assetcatalog; path = Assets.xcassets; sourceTree = "<group>"; };
		EF4C4E5522023AC400B607C9 /* Base */ = {isa = PBXFileReference; lastKnownFileType = file.storyboard; name = Base; path = Base.lproj/LaunchScreen.storyboard; sourceTree = "<group>"; };
		EF4C4E5722023AC400B607C9 /* Info.plist */ = {isa = PBXFileReference; lastKnownFileType = text.plist.xml; path = Info.plist; sourceTree = "<group>"; };
		EF4C4E5C22023AC400B607C9 /* DocumentsTests.xctest */ = {isa = PBXFileReference; explicitFileType = wrapper.cfbundle; includeInIndex = 0; path = DocumentsTests.xctest; sourceTree = BUILT_PRODUCTS_DIR; };
		EF4C4E6022023AC400B607C9 /* DocumentsTests.swift */ = {isa = PBXFileReference; lastKnownFileType = sourcecode.swift; path = DocumentsTests.swift; sourceTree = "<group>"; };
		EF4C4E6222023AC400B607C9 /* Info.plist */ = {isa = PBXFileReference; lastKnownFileType = text.plist.xml; path = Info.plist; sourceTree = "<group>"; };
		EF4C4E6722023AC400B607C9 /* DocumentsUITests.xctest */ = {isa = PBXFileReference; explicitFileType = wrapper.cfbundle; includeInIndex = 0; path = DocumentsUITests.xctest; sourceTree = BUILT_PRODUCTS_DIR; };
		EF4C4E6B22023AC400B607C9 /* DocumentsUITests.swift */ = {isa = PBXFileReference; lastKnownFileType = sourcecode.swift; path = DocumentsUITests.swift; sourceTree = "<group>"; };
		EF4C4E6D22023AC400B607C9 /* Info.plist */ = {isa = PBXFileReference; lastKnownFileType = text.plist.xml; path = Info.plist; sourceTree = "<group>"; };
		EF4C4E872203710E00B607C9 /* DocumentsViewController.swift */ = {isa = PBXFileReference; lastKnownFileType = sourcecode.swift; path = DocumentsViewController.swift; sourceTree = "<group>"; };
		EF4C4E89220377C600B607C9 /* DocumentsTableViewCell.swift */ = {isa = PBXFileReference; lastKnownFileType = sourcecode.swift; path = DocumentsTableViewCell.swift; sourceTree = "<group>"; };
		EF4C4E8C220378FE00B607C9 /* EditorViewController.swift */ = {isa = PBXFileReference; lastKnownFileType = sourcecode.swift; path = EditorViewController.swift; sourceTree = "<group>"; };
		EF4C4E8E2203891A00B607C9 /* document.swift */ = {isa = PBXFileReference; lastKnownFileType = sourcecode.swift; name = document.swift; path = savedDocuments/document.swift; sourceTree = "<group>"; };
		EF6E7A69221BDCD7003E63AD /* Doc+CoreDataClass.swift */ = {isa = PBXFileReference; lastKnownFileType = sourcecode.swift; path = "Doc+CoreDataClass.swift"; sourceTree = "<group>"; };
		EF6E7A6A221BDCD7003E63AD /* Doc+CoreDataProperties.swift */ = {isa = PBXFileReference; lastKnownFileType = sourcecode.swift; path = "Doc+CoreDataProperties.swift"; sourceTree = "<group>"; };
/* End PBXFileReference section */

/* Begin PBXFrameworksBuildPhase section */
		EF4C4E4522023AC200B607C9 /* Frameworks */ = {
			isa = PBXFrameworksBuildPhase;
			buildActionMask = 2147483647;
			files = (
			);
			runOnlyForDeploymentPostprocessing = 0;
		};
		EF4C4E5922023AC400B607C9 /* Frameworks */ = {
			isa = PBXFrameworksBuildPhase;
			buildActionMask = 2147483647;
			files = (
			);
			runOnlyForDeploymentPostprocessing = 0;
		};
		EF4C4E6422023AC400B607C9 /* Frameworks */ = {
			isa = PBXFrameworksBuildPhase;
			buildActionMask = 2147483647;
			files = (
			);
			runOnlyForDeploymentPostprocessing = 0;
		};
/* End PBXFrameworksBuildPhase section */

/* Begin PBXGroup section */
		EF4C4E3F22023AC200B607C9 = {
			isa = PBXGroup;
			children = (
				EF4C4E4A22023AC200B607C9 /* Documents */,
				EF4C4E5F22023AC400B607C9 /* DocumentsTests */,
				EF4C4E6A22023AC400B607C9 /* DocumentsUITests */,
				EF4C4E4922023AC200B607C9 /* Products */,
			);
			sourceTree = "<group>";
		};
		EF4C4E4922023AC200B607C9 /* Products */ = {
			isa = PBXGroup;
			children = (
				EF4C4E4822023AC200B607C9 /* Documents.app */,
				EF4C4E5C22023AC400B607C9 /* DocumentsTests.xctest */,
				EF4C4E6722023AC400B607C9 /* DocumentsUITests.xctest */,
			);
			name = Products;
			sourceTree = "<group>";
		};
		EF4C4E4A22023AC200B607C9 /* Documents */ = {
			isa = PBXGroup;
			children = (
				EF6E7A69221BDCD7003E63AD /* Doc+CoreDataClass.swift */,
				EF6E7A6A221BDCD7003E63AD /* Doc+CoreDataProperties.swift */,
				EF4C4E4B22023AC200B607C9 /* AppDelegate.swift */,
				EF4C4E4F22023AC200B607C9 /* Main.storyboard */,
				EF4C4E5222023AC400B607C9 /* Assets.xcassets */,
				EF4C4E5422023AC400B607C9 /* LaunchScreen.storyboard */,
				EF4C4E5722023AC400B607C9 /* Info.plist */,
				EF4C4E8E2203891A00B607C9 /* document.swift */,
				EF4C4E872203710E00B607C9 /* DocumentsViewController.swift */,
				EF4C4E89220377C600B607C9 /* DocumentsTableViewCell.swift */,
				EF4C4E8C220378FE00B607C9 /* EditorViewController.swift */,
				EF3FC54C221B93E000C4FEB8 /* Model.xcdatamodeld */,
			);
			path = Documents;
			sourceTree = "<group>";
		};
		EF4C4E5F22023AC400B607C9 /* DocumentsTests */ = {
			isa = PBXGroup;
			children = (
				EF4C4E6022023AC400B607C9 /* DocumentsTests.swift */,
				EF4C4E6222023AC400B607C9 /* Info.plist */,
			);
			path = DocumentsTests;
			sourceTree = "<group>";
		};
		EF4C4E6A22023AC400B607C9 /* DocumentsUITests */ = {
			isa = PBXGroup;
			children = (
				EF4C4E6B22023AC400B607C9 /* DocumentsUITests.swift */,
				EF4C4E6D22023AC400B607C9 /* Info.plist */,
			);
			path = DocumentsUITests;
			sourceTree = "<group>";
		};
/* End PBXGroup section */

/* Begin PBXNativeTarget section */
		EF4C4E4722023AC200B607C9 /* Documents */ = {
			isa = PBXNativeTarget;
			buildConfigurationList = EF4C4E7022023AC400B607C9 /* Build configuration list for PBXNativeTarget "Documents" */;
			buildPhases = (
				EF4C4E4422023AC200B607C9 /* Sources */,
				EF4C4E4522023AC200B607C9 /* Frameworks */,
				EF4C4E4622023AC200B607C9 /* Resources */,
			);
			buildRules = (
			);
			dependencies = (
			);
			name = Documents;
			productName = Documents;
			productReference = EF4C4E4822023AC200B607C9 /* Documents.app */;
			productType = "com.apple.product-type.application";
		};
		EF4C4E5B22023AC400B607C9 /* DocumentsTests */ = {
			isa = PBXNativeTarget;
			buildConfigurationList = EF4C4E7322023AC400B607C9 /* Build configuration list for PBXNativeTarget "DocumentsTests" */;
			buildPhases = (
				EF4C4E5822023AC400B607C9 /* Sources */,
				EF4C4E5922023AC400B607C9 /* Frameworks */,
				EF4C4E5A22023AC400B607C9 /* Resources */,
			);
			buildRules = (
			);
			dependencies = (
				EF4C4E5E22023AC400B607C9 /* PBXTargetDependency */,
			);
			name = DocumentsTests;
			productName = DocumentsTests;
			productReference = EF4C4E5C22023AC400B607C9 /* DocumentsTests.xctest */;
			productType = "com.apple.product-type.bundle.unit-test";
		};
		EF4C4E6622023AC400B607C9 /* DocumentsUITests */ = {
			isa = PBXNativeTarget;
			buildConfigurationList = EF4C4E7622023AC400B607C9 /* Build configuration list for PBXNativeTarget "DocumentsUITests" */;
			buildPhases = (
				EF4C4E6322023AC400B607C9 /* Sources */,
				EF4C4E6422023AC400B607C9 /* Frameworks */,
				EF4C4E6522023AC400B607C9 /* Resources */,
			);
			buildRules = (
			);
			dependencies = (
				EF4C4E6922023AC400B607C9 /* PBXTargetDependency */,
			);
			name = DocumentsUITests;
			productName = DocumentsUITests;
			productReference = EF4C4E6722023AC400B607C9 /* DocumentsUITests.xctest */;
			productType = "com.apple.product-type.bundle.ui-testing";
		};
/* End PBXNativeTarget section */

/* Begin PBXProject section */
		EF4C4E4022023AC200B607C9 /* Project object */ = {
			isa = PBXProject;
			attributes = {
				LastSwiftUpdateCheck = 1010;
				LastUpgradeCheck = 1010;
				ORGANIZATIONNAME = "Robert Graman";
				TargetAttributes = {
					EF4C4E4722023AC200B607C9 = {
						CreatedOnToolsVersion = 10.1;
					};
					EF4C4E5B22023AC400B607C9 = {
						CreatedOnToolsVersion = 10.1;
						TestTargetID = EF4C4E4722023AC200B607C9;
					};
					EF4C4E6622023AC400B607C9 = {
						CreatedOnToolsVersion = 10.1;
						TestTargetID = EF4C4E4722023AC200B607C9;
					};
				};
			};
			buildConfigurationList = EF4C4E4322023AC200B607C9 /* Build configuration list for PBXProject "Documents" */;
			compatibilityVersion = "Xcode 9.3";
			developmentRegion = en;
			hasScannedForEncodings = 0;
			knownRegions = (
				en,
				Base,
			);
			mainGroup = EF4C4E3F22023AC200B607C9;
			productRefGroup = EF4C4E4922023AC200B607C9 /* Products */;
			projectDirPath = "";
			projectRoot = "";
			targets = (
				EF4C4E4722023AC200B607C9 /* Documents */,
				EF4C4E5B22023AC400B607C9 /* DocumentsTests */,
				EF4C4E6622023AC400B607C9 /* DocumentsUITests */,
			);
		};
/* End PBXProject section */

/* Begin PBXResourcesBuildPhase section */
		EF4C4E4622023AC200B607C9 /* Resources */ = {
			isa = PBXResourcesBuildPhase;
			buildActionMask = 2147483647;
			files = (
				EF4C4E5622023AC400B607C9 /* LaunchScreen.storyboard in Resources */,
				EF4C4E5322023AC400B607C9 /* Assets.xcassets in Resources */,
				EF4C4E5122023AC200B607C9 /* Main.storyboard in Resources */,
			);
			runOnlyForDeploymentPostprocessing = 0;
		};
		EF4C4E5A22023AC400B607C9 /* Resources */ = {
			isa = PBXResourcesBuildPhase;
			buildActionMask = 2147483647;
			files = (
			);
			runOnlyForDeploymentPostprocessing = 0;
		};
		EF4C4E6522023AC400B607C9 /* Resources */ = {
			isa = PBXResourcesBuildPhase;
			buildActionMask = 2147483647;
			files = (
			);
			runOnlyForDeploymentPostprocessing = 0;
		};
/* End PBXResourcesBuildPhase section */

/* Begin PBXSourcesBuildPhase section */
		EF4C4E4422023AC200B607C9 /* Sources */ = {
			isa = PBXSourcesBuildPhase;
			buildActionMask = 2147483647;
			files = (
				EF6E7A6C221BDCD7003E63AD /* Doc+CoreDataProperties.swift in Sources */,
				EF4C4E8A220377C600B607C9 /* DocumentsTableViewCell.swift in Sources */,
				EF4C4E4C22023AC200B607C9 /* AppDelegate.swift in Sources */,
				EF4C4E882203710E00B607C9 /* DocumentsViewController.swift in Sources */,
				EF4C4E8D220378FE00B607C9 /* EditorViewController.swift in Sources */,
				EF4C4E8F2203891A00B607C9 /* document.swift in Sources */,
				EF6E7A6B221BDCD7003E63AD /* Doc+CoreDataClass.swift in Sources */,
				EF3FC54E221B93E000C4FEB8 /* Model.xcdatamodeld in Sources */,
			);
			runOnlyForDeploymentPostprocessing = 0;
		};
		EF4C4E5822023AC400B607C9 /* Sources */ = {
			isa = PBXSourcesBuildPhase;
			buildActionMask = 2147483647;
			files = (
				EF4C4E6122023AC400B607C9 /* DocumentsTests.swift in Sources */,
			);
			runOnlyForDeploymentPostprocessing = 0;
		};
		EF4C4E6322023AC400B607C9 /* Sources */ = {
			isa = PBXSourcesBuildPhase;
			buildActionMask = 2147483647;
			files = (
				EF4C4E6C22023AC400B607C9 /* DocumentsUITests.swift in Sources */,
			);
			runOnlyForDeploymentPostprocessing = 0;
		};
/* End PBXSourcesBuildPhase section */

/* Begin PBXTargetDependency section */
		EF4C4E5E22023AC400B607C9 /* PBXTargetDependency */ = {
			isa = PBXTargetDependency;
			target = EF4C4E4722023AC200B607C9 /* Documents */;
			targetProxy = EF4C4E5D22023AC400B607C9 /* PBXContainerItemProxy */;
		};
		EF4C4E6922023AC400B607C9 /* PBXTargetDependency */ = {
			isa = PBXTargetDependency;
			target = EF4C4E4722023AC200B607C9 /* Documents */;
			targetProxy = EF4C4E6822023AC400B607C9 /* PBXContainerItemProxy */;
		};
/* End PBXTargetDependency section */

/* Begin PBXVariantGroup section */
		EF4C4E4F22023AC200B607C9 /* Main.storyboard */ = {
			isa = PBXVariantGroup;
			children = (
				EF4C4E5022023AC200B607C9 /* Base */,
			);
			name = Main.storyboard;
			sourceTree = "<group>";
		};
		EF4C4E5422023AC400B607C9 /* LaunchScreen.storyboard */ = {
			isa = PBXVariantGroup;
			children = (
				EF4C4E5522023AC400B607C9 /* Base */,
			);
			name = LaunchScreen.storyboard;
			sourceTree = "<group>";
		};
/* End PBXVariantGroup section */

/* Begin XCBuildConfiguration section */
		EF4C4E6E22023AC400B607C9 /* Debug */ = {
			isa = XCBuildConfiguration;
			buildSettings = {
				ALWAYS_SEARCH_USER_PATHS = NO;
				CLANG_ANALYZER_NONNULL = YES;
				CLANG_ANALYZER_NUMBER_OBJECT_CONVERSION = YES_AGGRESSIVE;
				CLANG_CXX_LANGUAGE_STANDARD = "gnu++14";
				CLANG_CXX_LIBRARY = "libc++";
				CLANG_ENABLE_MODULES = YES;
				CLANG_ENABLE_OBJC_ARC = YES;
				CLANG_ENABLE_OBJC_WEAK = YES;
				CLANG_WARN_BLOCK_CAPTURE_AUTORELEASING = YES;
				CLANG_WARN_BOOL_CONVERSION = YES;
				CLANG_WARN_COMMA = YES;
				CLANG_WARN_CONSTANT_CONVERSION = YES;
				CLANG_WARN_DEPRECATED_OBJC_IMPLEMENTATIONS = YES;
				CLANG_WARN_DIRECT_OBJC_ISA_USAGE = YES_ERROR;
				CLANG_WARN_DOCUMENTATION_COMMENTS = YES;
				CLANG_WARN_EMPTY_BODY = YES;
				CLANG_WARN_ENUM_CONVERSION = YES;
				CLANG_WARN_INFINITE_RECURSION = YES;
				CLANG_WARN_INT_CONVERSION = YES;
				CLANG_WARN_NON_LITERAL_NULL_CONVERSION = YES;
				CLANG_WARN_OBJC_IMPLICIT_RETAIN_SELF = YES;
				CLANG_WARN_OBJC_LITERAL_CONVERSION = YES;
				CLANG_WARN_OBJC_ROOT_CLASS = YES_ERROR;
				CLANG_WARN_RANGE_LOOP_ANALYSIS = YES;
				CLANG_WARN_STRICT_PROTOTYPES = YES;
				CLANG_WARN_SUSPICIOUS_MOVE = YES;
				CLANG_WARN_UNGUARDED_AVAILABILITY = YES_AGGRESSIVE;
				CLANG_WARN_UNREACHABLE_CODE = YES;
				CLANG_WARN__DUPLICATE_METHOD_MATCH = YES;
				CODE_SIGN_IDENTITY = "iPhone Developer";
				COPY_PHASE_STRIP = NO;
				DEBUG_INFORMATION_FORMAT = dwarf;
				ENABLE_STRICT_OBJC_MSGSEND = YES;
				ENABLE_TESTABILITY = YES;
				GCC_C_LANGUAGE_STANDARD = gnu11;
				GCC_DYNAMIC_NO_PIC = NO;
				GCC_NO_COMMON_BLOCKS = YES;
				GCC_OPTIMIZATION_LEVEL = 0;
				GCC_PREPROCESSOR_DEFINITIONS = (
					"DEBUG=1",
					"$(inherited)",
				);
				GCC_WARN_64_TO_32_BIT_CONVERSION = YES;
				GCC_WARN_ABOUT_RETURN_TYPE = YES_ERROR;
				GCC_WARN_UNDECLARED_SELECTOR = YES;
				GCC_WARN_UNINITIALIZED_AUTOS = YES_AGGRESSIVE;
				GCC_WARN_UNUSED_FUNCTION = YES;
				GCC_WARN_UNUSED_VARIABLE = YES;
				IPHONEOS_DEPLOYMENT_TARGET = 12.1;
				MTL_ENABLE_DEBUG_INFO = INCLUDE_SOURCE;
				MTL_FAST_MATH = YES;
				ONLY_ACTIVE_ARCH = YES;
				SDKROOT = iphoneos;
				SWIFT_ACTIVE_COMPILATION_CONDITIONS = DEBUG;
				SWIFT_OPTIMIZATION_LEVEL = "-Onone";
			};
			name = Debug;
		};
		EF4C4E6F22023AC400B607C9 /* Release */ = {
			isa = XCBuildConfiguration;
			buildSettings = {
				ALWAYS_SEARCH_USER_PATHS = NO;
				CLANG_ANALYZER_NONNULL = YES;
				CLANG_ANALYZER_NUMBER_OBJECT_CONVERSION = YES_AGGRESSIVE;
				CLANG_CXX_LANGUAGE_STANDARD = "gnu++14";
				CLANG_CXX_LIBRARY = "libc++";
				CLANG_ENABLE_MODULES = YES;
				CLANG_ENABLE_OBJC_ARC = YES;
				CLANG_ENABLE_OBJC_WEAK = YES;
				CLANG_WARN_BLOCK_CAPTURE_AUTORELEASING = YES;
				CLANG_WARN_BOOL_CONVERSION = YES;
				CLANG_WARN_COMMA = YES;
				CLANG_WARN_CONSTANT_CONVERSION = YES;
				CLANG_WARN_DEPRECATED_OBJC_IMPLEMENTATIONS = YES;
				CLANG_WARN_DIRECT_OBJC_ISA_USAGE = YES_ERROR;
				CLANG_WARN_DOCUMENTATION_COMMENTS = YES;
				CLANG_WARN_EMPTY_BODY = YES;
				CLANG_WARN_ENUM_CONVERSION = YES;
				CLANG_WARN_INFINITE_RECURSION = YES;
				CLANG_WARN_INT_CONVERSION = YES;
				CLANG_WARN_NON_LITERAL_NULL_CONVERSION = YES;
				CLANG_WARN_OBJC_IMPLICIT_RETAIN_SELF = YES;
				CLANG_WARN_OBJC_LITERAL_CONVERSION = YES;
				CLANG_WARN_OBJC_ROOT_CLASS = YES_ERROR;
				CLANG_WARN_RANGE_LOOP_ANALYSIS = YES;
				CLANG_WARN_STRICT_PROTOTYPES = YES;
				CLANG_WARN_SUSPICIOUS_MOVE = YES;
				CLANG_WARN_UNGUARDED_AVAILABILITY = YES_AGGRESSIVE;
				CLANG_WARN_UNREACHABLE_CODE = YES;
				CLANG_WARN__DUPLICATE_METHOD_MATCH = YES;
				CODE_SIGN_IDENTITY = "iPhone Developer";
				COPY_PHASE_STRIP = NO;
				DEBUG_INFORMATION_FORMAT = "dwarf-with-dsym";
				ENABLE_NS_ASSERTIONS = NO;
				ENABLE_STRICT_OBJC_MSGSEND = YES;
				GCC_C_LANGUAGE_STANDARD = gnu11;
				GCC_NO_COMMON_BLOCKS = YES;
				GCC_WARN_64_TO_32_BIT_CONVERSION = YES;
				GCC_WARN_ABOUT_RETURN_TYPE = YES_ERROR;
				GCC_WARN_UNDECLARED_SELECTOR = YES;
				GCC_WARN_UNINITIALIZED_AUTOS = YES_AGGRESSIVE;
				GCC_WARN_UNUSED_FUNCTION = YES;
				GCC_WARN_UNUSED_VARIABLE = YES;
				IPHONEOS_DEPLOYMENT_TARGET = 12.1;
				MTL_ENABLE_DEBUG_INFO = NO;
				MTL_FAST_MATH = YES;
				SDKROOT = iphoneos;
				SWIFT_COMPILATION_MODE = wholemodule;
				SWIFT_OPTIMIZATION_LEVEL = "-O";
				VALIDATE_PRODUCT = YES;
			};
			name = Release;
		};
		EF4C4E7122023AC400B607C9 /* Debug */ = {
			isa = XCBuildConfiguration;
			buildSettings = {
				ASSETCATALOG_COMPILER_APPICON_NAME = AppIcon;
				CODE_SIGN_STYLE = Automatic;
				DEVELOPMENT_TEAM = B76QEBSE86;
				INFOPLIST_FILE = Documents/Info.plist;
				LD_RUNPATH_SEARCH_PATHS = (
					"$(inherited)",
					"@executable_path/Frameworks",
				);
				PRODUCT_BUNDLE_IDENTIFIER = com.mizzouthon.Documents;
				PRODUCT_NAME = "$(TARGET_NAME)";
				SWIFT_VERSION = 4.2;
				TARGETED_DEVICE_FAMILY = "1,2";
			};
			name = Debug;
		};
		EF4C4E7222023AC400B607C9 /* Release */ = {
			isa = XCBuildConfiguration;
			buildSettings = {
				ASSETCATALOG_COMPILER_APPICON_NAME = AppIcon;
				CODE_SIGN_STYLE = Automatic;
				DEVELOPMENT_TEAM = B76QEBSE86;
				INFOPLIST_FILE = Documents/Info.plist;
				LD_RUNPATH_SEARCH_PATHS = (
					"$(inherited)",
					"@executable_path/Frameworks",
				);
				PRODUCT_BUNDLE_IDENTIFIER = com.mizzouthon.Documents;
				PRODUCT_NAME = "$(TARGET_NAME)";
				SWIFT_VERSION = 4.2;
				TARGETED_DEVICE_FAMILY = "1,2";
			};
			name = Release;
		};
		EF4C4E7422023AC400B607C9 /* Debug */ = {
			isa = XCBuildConfiguration;
			buildSettings = {
				ALWAYS_EMBED_SWIFT_STANDARD_LIBRARIES = YES;
				BUNDLE_LOADER = "$(TEST_HOST)";
				CODE_SIGN_STYLE = Automatic;
				DEVELOPMENT_TEAM = B76QEBSE86;
				INFOPLIST_FILE = DocumentsTests/Info.plist;
				LD_RUNPATH_SEARCH_PATHS = (
					"$(inherited)",
					"@executable_path/Frameworks",
					"@loader_path/Frameworks",
				);
				PRODUCT_BUNDLE_IDENTIFIER = com.mizzouthon.DocumentsTests;
				PRODUCT_NAME = "$(TARGET_NAME)";
				SWIFT_VERSION = 4.2;
				TARGETED_DEVICE_FAMILY = "1,2";
				TEST_HOST = "$(BUILT_PRODUCTS_DIR)/Documents.app/Documents";
			};
			name = Debug;
		};
		EF4C4E7522023AC400B607C9 /* Release */ = {
			isa = XCBuildConfiguration;
			buildSettings = {
				ALWAYS_EMBED_SWIFT_STANDARD_LIBRARIES = YES;
				BUNDLE_LOADER = "$(TEST_HOST)";
				CODE_SIGN_STYLE = Automatic;
				DEVELOPMENT_TEAM = B76QEBSE86;
				INFOPLIST_FILE = DocumentsTests/Info.plist;
				LD_RUNPATH_SEARCH_PATHS = (
					"$(inherited)",
					"@executable_path/Frameworks",
					"@loader_path/Frameworks",
				);
				PRODUCT_BUNDLE_IDENTIFIER = com.mizzouthon.DocumentsTests;
				PRODUCT_NAME = "$(TARGET_NAME)";
				SWIFT_VERSION = 4.2;
				TARGETED_DEVICE_FAMILY = "1,2";
				TEST_HOST = "$(BUILT_PRODUCTS_DIR)/Documents.app/Documents";
			};
			name = Release;
		};
		EF4C4E7722023AC400B607C9 /* Debug */ = {
			isa = XCBuildConfiguration;
			buildSettings = {
				ALWAYS_EMBED_SWIFT_STANDARD_LIBRARIES = YES;
				CODE_SIGN_STYLE = Automatic;
				DEVELOPMENT_TEAM = B76QEBSE86;
				INFOPLIST_FILE = DocumentsUITests/Info.plist;
				LD_RUNPATH_SEARCH_PATHS = (
					"$(inherited)",
					"@executable_path/Frameworks",
					"@loader_path/Frameworks",
				);
				PRODUCT_BUNDLE_IDENTIFIER = com.mizzouthon.DocumentsUITests;
				PRODUCT_NAME = "$(TARGET_NAME)";
				SWIFT_VERSION = 4.2;
				TARGETED_DEVICE_FAMILY = "1,2";
				TEST_TARGET_NAME = Documents;
			};
			name = Debug;
		};
		EF4C4E7822023AC400B607C9 /* Release */ = {
			isa = XCBuildConfiguration;
			buildSettings = {
				ALWAYS_EMBED_SWIFT_STANDARD_LIBRARIES = YES;
				CODE_SIGN_STYLE = Automatic;
				DEVELOPMENT_TEAM = B76QEBSE86;
				INFOPLIST_FILE = DocumentsUITests/Info.plist;
				LD_RUNPATH_SEARCH_PATHS = (
					"$(inherited)",
					"@executable_path/Frameworks",
					"@loader_path/Frameworks",
				);
				PRODUCT_BUNDLE_IDENTIFIER = com.mizzouthon.DocumentsUITests;
				PRODUCT_NAME = "$(TARGET_NAME)";
				SWIFT_VERSION = 4.2;
				TARGETED_DEVICE_FAMILY = "1,2";
				TEST_TARGET_NAME = Documents;
			};
			name = Release;
		};
/* End XCBuildConfiguration section */

/* Begin XCConfigurationList section */
		EF4C4E4322023AC200B607C9 /* Build configuration list for PBXProject "Documents" */ = {
			isa = XCConfigurationList;
			buildConfigurations = (
				EF4C4E6E22023AC400B607C9 /* Debug */,
				EF4C4E6F22023AC400B607C9 /* Release */,
			);
			defaultConfigurationIsVisible = 0;
			defaultConfigurationName = Release;
		};
		EF4C4E7022023AC400B607C9 /* Build configuration list for PBXNativeTarget "Documents" */ = {
			isa = XCConfigurationList;
			buildConfigurations = (
				EF4C4E7122023AC400B607C9 /* Debug */,
				EF4C4E7222023AC400B607C9 /* Release */,
			);
			defaultConfigurationIsVisible = 0;
			defaultConfigurationName = Release;
		};
		EF4C4E7322023AC400B607C9 /* Build configuration list for PBXNativeTarget "DocumentsTests" */ = {
			isa = XCConfigurationList;
			buildConfigurations = (
				EF4C4E7422023AC400B607C9 /* Debug */,
				EF4C4E7522023AC400B607C9 /* Release */,
			);
			defaultConfigurationIsVisible = 0;
			defaultConfigurationName = Release;
		};
		EF4C4E7622023AC400B607C9 /* Build configuration list for PBXNativeTarget "DocumentsUITests" */ = {
			isa = XCConfigurationList;
			buildConfigurations = (
				EF4C4E7722023AC400B607C9 /* Debug */,
				EF4C4E7822023AC400B607C9 /* Release */,
			);
			defaultConfigurationIsVisible = 0;
			defaultConfigurationName = Release;
		};
/* End XCConfigurationList section */

/* Begin XCVersionGroup section */
		EF3FC54C221B93E000C4FEB8 /* Model.xcdatamodeld */ = {
			isa = XCVersionGroup;
			children = (
				EF3FC54D221B93E000C4FEB8 /* Model.xcdatamodel */,
			);
			currentVersion = EF3FC54D221B93E000C4FEB8 /* Model.xcdatamodel */;
			path = Model.xcdatamodeld;
			sourceTree = "<group>";
			versionGroupType = wrapper.xcdatamodel;
		};
/* End XCVersionGroup section */
	};
	rootObject = EF4C4E4022023AC200B607C9 /* Project object */;
}
